// !$*UTF8*$!
{
	archiveVersion = 1;
	classes = {
	};
	objectVersion = 56;
	objects = {

/* Begin PBXBuildFile section */
		F31C0BB02B93EF7A006B0FED /* ListRowBackgroundHiddenModifier.swift in Sources */ = {isa = PBXBuildFile; fileRef = F31C0BAF2B93EF7A006B0FED /* ListRowBackgroundHiddenModifier.swift */; };
		F31C0BBA2B940538006B0FED /* NewTripToolbarItem.swift in Sources */ = {isa = PBXBuildFile; fileRef = F31C0BB92B940538006B0FED /* NewTripToolbarItem.swift */; };
		F31C0BBC2B9405A5006B0FED /* DeleteTripToolbarItem.swift in Sources */ = {isa = PBXBuildFile; fileRef = F31C0BBB2B9405A5006B0FED /* DeleteTripToolbarItem.swift */; };
		F31C0BBE2B9407C7006B0FED /* TripListView.swift in Sources */ = {isa = PBXBuildFile; fileRef = F31C0BBD2B9407C7006B0FED /* TripListView.swift */; };
		F3F377702B94D78B0092DCBD /* DynamicStack.swift in Sources */ = {isa = PBXBuildFile; fileRef = F3F3776F2B94D78B0092DCBD /* DynamicStack.swift */; };
		F3F377722B94E70B0092DCBD /* EditTripInfoSection.swift in Sources */ = {isa = PBXBuildFile; fileRef = F3F377712B94E70B0092DCBD /* EditTripInfoSection.swift */; };
		F3F377742B94E7370092DCBD /* EditTripScheduleSection.swift in Sources */ = {isa = PBXBuildFile; fileRef = F3F377732B94E7370092DCBD /* EditTripScheduleSection.swift */; };
		F3F377762B94E7520092DCBD /* EditTripSaveButton.swift in Sources */ = {isa = PBXBuildFile; fileRef = F3F377752B94E7520092DCBD /* EditTripSaveButton.swift */; };
		F3F9D8302B937D1C004E5CC9 /* TripPlannerApp.swift in Sources */ = {isa = PBXBuildFile; fileRef = F3F9D82F2B937D1C004E5CC9 /* TripPlannerApp.swift */; };
		F3F9D8322B937D1C004E5CC9 /* HomeView.swift in Sources */ = {isa = PBXBuildFile; fileRef = F3F9D8312B937D1C004E5CC9 /* HomeView.swift */; };
		F3F9D8342B937D1D004E5CC9 /* Assets.xcassets in Resources */ = {isa = PBXBuildFile; fileRef = F3F9D8332B937D1D004E5CC9 /* Assets.xcassets */; };
		F3F9D8372B937D1D004E5CC9 /* Preview Assets.xcassets in Resources */ = {isa = PBXBuildFile; fileRef = F3F9D8362B937D1D004E5CC9 /* Preview Assets.xcassets */; };
		F3F9D83E2B937D38004E5CC9 /* Trip.swift in Sources */ = {isa = PBXBuildFile; fileRef = F3F9D83D2B937D38004E5CC9 /* Trip.swift */; };
		F3F9D8402B9383CC004E5CC9 /* EditTripView.swift in Sources */ = {isa = PBXBuildFile; fileRef = F3F9D83F2B9383CC004E5CC9 /* EditTripView.swift */; };
		F3F9D8422B93868B004E5CC9 /* DateAdjusterView.swift in Sources */ = {isa = PBXBuildFile; fileRef = F3F9D8412B93868B004E5CC9 /* DateAdjusterView.swift */; };
		F3FBAECD2B93B12C00732608 /* AppError.swift in Sources */ = {isa = PBXBuildFile; fileRef = F3FBAECC2B93B12C00732608 /* AppError.swift */; };
		F3FBAED32B93D22100732608 /* TripListRow.swift in Sources */ = {isa = PBXBuildFile; fileRef = F3FBAED22B93D22100732608 /* TripListRow.swift */; };
		F3FBAED52B93D29400732608 /* Preview+Trip.swift in Sources */ = {isa = PBXBuildFile; fileRef = F3FBAED42B93D29400732608 /* Preview+Trip.swift */; };
		F3FBAED72B93D38200732608 /* Date+Abbreviated.swift in Sources */ = {isa = PBXBuildFile; fileRef = F3FBAED62B93D38200732608 /* Date+Abbreviated.swift */; };
/* End PBXBuildFile section */

/* Begin PBXFileReference section */
		F31C0BAF2B93EF7A006B0FED /* ListRowBackgroundHiddenModifier.swift */ = {isa = PBXFileReference; lastKnownFileType = sourcecode.swift; path = ListRowBackgroundHiddenModifier.swift; sourceTree = "<group>"; };
		F31C0BB92B940538006B0FED /* NewTripToolbarItem.swift */ = {isa = PBXFileReference; lastKnownFileType = sourcecode.swift; path = NewTripToolbarItem.swift; sourceTree = "<group>"; };
		F31C0BBB2B9405A5006B0FED /* DeleteTripToolbarItem.swift */ = {isa = PBXFileReference; lastKnownFileType = sourcecode.swift; path = DeleteTripToolbarItem.swift; sourceTree = "<group>"; };
		F31C0BBD2B9407C7006B0FED /* TripListView.swift */ = {isa = PBXFileReference; lastKnownFileType = sourcecode.swift; path = TripListView.swift; sourceTree = "<group>"; };
		F3F3776F2B94D78B0092DCBD /* DynamicStack.swift */ = {isa = PBXFileReference; lastKnownFileType = sourcecode.swift; path = DynamicStack.swift; sourceTree = "<group>"; };
		F3F377712B94E70B0092DCBD /* EditTripInfoSection.swift */ = {isa = PBXFileReference; lastKnownFileType = sourcecode.swift; path = EditTripInfoSection.swift; sourceTree = "<group>"; };
		F3F377732B94E7370092DCBD /* EditTripScheduleSection.swift */ = {isa = PBXFileReference; lastKnownFileType = sourcecode.swift; path = EditTripScheduleSection.swift; sourceTree = "<group>"; };
		F3F377752B94E7520092DCBD /* EditTripSaveButton.swift */ = {isa = PBXFileReference; lastKnownFileType = sourcecode.swift; path = EditTripSaveButton.swift; sourceTree = "<group>"; };
		F3F9D82C2B937D1C004E5CC9 /* TripPlanner.app */ = {isa = PBXFileReference; explicitFileType = wrapper.application; includeInIndex = 0; path = TripPlanner.app; sourceTree = BUILT_PRODUCTS_DIR; };
		F3F9D82F2B937D1C004E5CC9 /* TripPlannerApp.swift */ = {isa = PBXFileReference; lastKnownFileType = sourcecode.swift; path = TripPlannerApp.swift; sourceTree = "<group>"; };
		F3F9D8312B937D1C004E5CC9 /* HomeView.swift */ = {isa = PBXFileReference; lastKnownFileType = sourcecode.swift; path = HomeView.swift; sourceTree = "<group>"; };
		F3F9D8332B937D1D004E5CC9 /* Assets.xcassets */ = {isa = PBXFileReference; lastKnownFileType = folder.assetcatalog; path = Assets.xcassets; sourceTree = "<group>"; };
		F3F9D8362B937D1D004E5CC9 /* Preview Assets.xcassets */ = {isa = PBXFileReference; lastKnownFileType = folder.assetcatalog; path = "Preview Assets.xcassets"; sourceTree = "<group>"; };
		F3F9D83D2B937D38004E5CC9 /* Trip.swift */ = {isa = PBXFileReference; lastKnownFileType = sourcecode.swift; path = Trip.swift; sourceTree = "<group>"; };
		F3F9D83F2B9383CC004E5CC9 /* EditTripView.swift */ = {isa = PBXFileReference; lastKnownFileType = sourcecode.swift; path = EditTripView.swift; sourceTree = "<group>"; };
		F3F9D8412B93868B004E5CC9 /* DateAdjusterView.swift */ = {isa = PBXFileReference; lastKnownFileType = sourcecode.swift; path = DateAdjusterView.swift; sourceTree = "<group>"; };
		F3FBAECC2B93B12C00732608 /* AppError.swift */ = {isa = PBXFileReference; lastKnownFileType = sourcecode.swift; path = AppError.swift; sourceTree = "<group>"; };
		F3FBAED22B93D22100732608 /* TripListRow.swift */ = {isa = PBXFileReference; lastKnownFileType = sourcecode.swift; path = TripListRow.swift; sourceTree = "<group>"; };
		F3FBAED42B93D29400732608 /* Preview+Trip.swift */ = {isa = PBXFileReference; lastKnownFileType = sourcecode.swift; path = "Preview+Trip.swift"; sourceTree = "<group>"; };
		F3FBAED62B93D38200732608 /* Date+Abbreviated.swift */ = {isa = PBXFileReference; lastKnownFileType = sourcecode.swift; path = "Date+Abbreviated.swift"; sourceTree = "<group>"; };
/* End PBXFileReference section */

/* Begin PBXFrameworksBuildPhase section */
		F3F9D8292B937D1C004E5CC9 /* Frameworks */ = {
			isa = PBXFrameworksBuildPhase;
			buildActionMask = 2147483647;
			files = (
			);
			runOnlyForDeploymentPostprocessing = 0;
		};
/* End PBXFrameworksBuildPhase section */

/* Begin PBXGroup section */
		F3F9D8232B937D1C004E5CC9 = {
			isa = PBXGroup;
			children = (
				F3F9D82E2B937D1C004E5CC9 /* TripPlanner */,
				F3F9D82D2B937D1C004E5CC9 /* Products */,
			);
			sourceTree = "<group>";
		};
		F3F9D82D2B937D1C004E5CC9 /* Products */ = {
			isa = PBXGroup;
			children = (
				F3F9D82C2B937D1C004E5CC9 /* TripPlanner.app */,
			);
			name = Products;
			sourceTree = "<group>";
		};
		F3F9D82E2B937D1C004E5CC9 /* TripPlanner */ = {
			isa = PBXGroup;
			children = (
				F3F9D82F2B937D1C004E5CC9 /* TripPlannerApp.swift */,
				F3F9D8312B937D1C004E5CC9 /* HomeView.swift */,
				F31C0BBD2B9407C7006B0FED /* TripListView.swift */,
				F3FBAED22B93D22100732608 /* TripListRow.swift */,
				F31C0BAF2B93EF7A006B0FED /* ListRowBackgroundHiddenModifier.swift */,
				F31C0BB92B940538006B0FED /* NewTripToolbarItem.swift */,
				F31C0BBB2B9405A5006B0FED /* DeleteTripToolbarItem.swift */,
				F3F9D83F2B9383CC004E5CC9 /* EditTripView.swift */,
				F3F377712B94E70B0092DCBD /* EditTripInfoSection.swift */,
				F3F377732B94E7370092DCBD /* EditTripScheduleSection.swift */,
				F3F377752B94E7520092DCBD /* EditTripSaveButton.swift */,
				F3F9D8412B93868B004E5CC9 /* DateAdjusterView.swift */,
				F3F3776F2B94D78B0092DCBD /* DynamicStack.swift */,
				F3FBAECC2B93B12C00732608 /* AppError.swift */,
				F3F9D83D2B937D38004E5CC9 /* Trip.swift */,
				F3FBAED42B93D29400732608 /* Preview+Trip.swift */,
				F3FBAED62B93D38200732608 /* Date+Abbreviated.swift */,
				F3F9D8332B937D1D004E5CC9 /* Assets.xcassets */,
				F3F9D8352B937D1D004E5CC9 /* Preview Content */,
			);
			path = TripPlanner;
			sourceTree = "<group>";
		};
		F3F9D8352B937D1D004E5CC9 /* Preview Content */ = {
			isa = PBXGroup;
			children = (
				F3F9D8362B937D1D004E5CC9 /* Preview Assets.xcassets */,
			);
			path = "Preview Content";
			sourceTree = "<group>";
		};
/* End PBXGroup section */

/* Begin PBXNativeTarget section */
		F3F9D82B2B937D1C004E5CC9 /* TripPlanner */ = {
			isa = PBXNativeTarget;
			buildConfigurationList = F3F9D83A2B937D1D004E5CC9 /* Build configuration list for PBXNativeTarget "TripPlanner" */;
			buildPhases = (
				F3F9D8282B937D1C004E5CC9 /* Sources */,
				F3F9D8292B937D1C004E5CC9 /* Frameworks */,
				F3F9D82A2B937D1C004E5CC9 /* Resources */,
			);
			buildRules = (
			);
			dependencies = (
			);
			name = TripPlanner;
			productName = TripPlanner;
			productReference = F3F9D82C2B937D1C004E5CC9 /* TripPlanner.app */;
			productType = "com.apple.product-type.application";
		};
/* End PBXNativeTarget section */

/* Begin PBXProject section */
		F3F9D8242B937D1C004E5CC9 /* Project object */ = {
			isa = PBXProject;
			attributes = {
				BuildIndependentTargetsInParallel = 1;
				LastSwiftUpdateCheck = 1520;
				LastUpgradeCheck = 1520;
				TargetAttributes = {
					F3F9D82B2B937D1C004E5CC9 = {
						CreatedOnToolsVersion = 15.2;
					};
				};
			};
			buildConfigurationList = F3F9D8272B937D1C004E5CC9 /* Build configuration list for PBXProject "TripPlanner" */;
			compatibilityVersion = "Xcode 14.0";
			developmentRegion = en;
			hasScannedForEncodings = 0;
			knownRegions = (
				en,
				Base,
			);
			mainGroup = F3F9D8232B937D1C004E5CC9;
			productRefGroup = F3F9D82D2B937D1C004E5CC9 /* Products */;
			projectDirPath = "";
			projectRoot = "";
			targets = (
				F3F9D82B2B937D1C004E5CC9 /* TripPlanner */,
			);
		};
/* End PBXProject section */

/* Begin PBXResourcesBuildPhase section */
		F3F9D82A2B937D1C004E5CC9 /* Resources */ = {
			isa = PBXResourcesBuildPhase;
			buildActionMask = 2147483647;
			files = (
				F3F9D8372B937D1D004E5CC9 /* Preview Assets.xcassets in Resources */,
				F3F9D8342B937D1D004E5CC9 /* Assets.xcassets in Resources */,
			);
			runOnlyForDeploymentPostprocessing = 0;
		};
/* End PBXResourcesBuildPhase section */

/* Begin PBXSourcesBuildPhase section */
		F3F9D8282B937D1C004E5CC9 /* Sources */ = {
			isa = PBXSourcesBuildPhase;
			buildActionMask = 2147483647;
			files = (
				F3F9D83E2B937D38004E5CC9 /* Trip.swift in Sources */,
				F31C0BBE2B9407C7006B0FED /* TripListView.swift in Sources */,
				F3F377702B94D78B0092DCBD /* DynamicStack.swift in Sources */,
				F3F377722B94E70B0092DCBD /* EditTripInfoSection.swift in Sources */,
				F3F9D8422B93868B004E5CC9 /* DateAdjusterView.swift in Sources */,
				F31C0BB02B93EF7A006B0FED /* ListRowBackgroundHiddenModifier.swift in Sources */,
				F3FBAECD2B93B12C00732608 /* AppError.swift in Sources */,
				F31C0BBC2B9405A5006B0FED /* DeleteTripToolbarItem.swift in Sources */,
				F3F9D8322B937D1C004E5CC9 /* HomeView.swift in Sources */,
				F3F377762B94E7520092DCBD /* EditTripSaveButton.swift in Sources */,
				F3F9D8302B937D1C004E5CC9 /* TripPlannerApp.swift in Sources */,
				F3F9D8402B9383CC004E5CC9 /* EditTripView.swift in Sources */,
				F3FBAED72B93D38200732608 /* Date+Abbreviated.swift in Sources */,
				F31C0BBA2B940538006B0FED /* NewTripToolbarItem.swift in Sources */,
				F3FBAED52B93D29400732608 /* Preview+Trip.swift in Sources */,
				F3FBAED32B93D22100732608 /* TripListRow.swift in Sources */,
				F3F377742B94E7370092DCBD /* EditTripScheduleSection.swift in Sources */,
			);
			runOnlyForDeploymentPostprocessing = 0;
		};
/* End PBXSourcesBuildPhase section */

/* Begin XCBuildConfiguration section */
		F3F9D8382B937D1D004E5CC9 /* Debug */ = {
			isa = XCBuildConfiguration;
			buildSettings = {
				ALWAYS_SEARCH_USER_PATHS = NO;
				ASSETCATALOG_COMPILER_GENERATE_SWIFT_ASSET_SYMBOL_EXTENSIONS = YES;
				CLANG_ANALYZER_NONNULL = YES;
				CLANG_ANALYZER_NUMBER_OBJECT_CONVERSION = YES_AGGRESSIVE;
				CLANG_CXX_LANGUAGE_STANDARD = "gnu++20";
				CLANG_ENABLE_MODULES = YES;
				CLANG_ENABLE_OBJC_ARC = YES;
				CLANG_ENABLE_OBJC_WEAK = YES;
				CLANG_WARN_BLOCK_CAPTURE_AUTORELEASING = YES;
				CLANG_WARN_BOOL_CONVERSION = YES;
				CLANG_WARN_COMMA = YES;
				CLANG_WARN_CONSTANT_CONVERSION = YES;
				CLANG_WARN_DEPRECATED_OBJC_IMPLEMENTATIONS = YES;
				CLANG_WARN_DIRECT_OBJC_ISA_USAGE = YES_ERROR;
				CLANG_WARN_DOCUMENTATION_COMMENTS = YES;
				CLANG_WARN_EMPTY_BODY = YES;
				CLANG_WARN_ENUM_CONVERSION = YES;
				CLANG_WARN_INFINITE_RECURSION = YES;
				CLANG_WARN_INT_CONVERSION = YES;
				CLANG_WARN_NON_LITERAL_NULL_CONVERSION = YES;
				CLANG_WARN_OBJC_IMPLICIT_RETAIN_SELF = YES;
				CLANG_WARN_OBJC_LITERAL_CONVERSION = YES;
				CLANG_WARN_OBJC_ROOT_CLASS = YES_ERROR;
				CLANG_WARN_QUOTED_INCLUDE_IN_FRAMEWORK_HEADER = YES;
				CLANG_WARN_RANGE_LOOP_ANALYSIS = YES;
				CLANG_WARN_STRICT_PROTOTYPES = YES;
				CLANG_WARN_SUSPICIOUS_MOVE = YES;
				CLANG_WARN_UNGUARDED_AVAILABILITY = YES_AGGRESSIVE;
				CLANG_WARN_UNREACHABLE_CODE = YES;
				CLANG_WARN__DUPLICATE_METHOD_MATCH = YES;
				COPY_PHASE_STRIP = NO;
				DEBUG_INFORMATION_FORMAT = dwarf;
				ENABLE_STRICT_OBJC_MSGSEND = YES;
				ENABLE_TESTABILITY = YES;
				ENABLE_USER_SCRIPT_SANDBOXING = YES;
				GCC_C_LANGUAGE_STANDARD = gnu17;
				GCC_DYNAMIC_NO_PIC = NO;
				GCC_NO_COMMON_BLOCKS = YES;
				GCC_OPTIMIZATION_LEVEL = 0;
				GCC_PREPROCESSOR_DEFINITIONS = (
					"DEBUG=1",
					"$(inherited)",
				);
				GCC_WARN_64_TO_32_BIT_CONVERSION = YES;
				GCC_WARN_ABOUT_RETURN_TYPE = YES_ERROR;
				GCC_WARN_UNDECLARED_SELECTOR = YES;
				GCC_WARN_UNINITIALIZED_AUTOS = YES_AGGRESSIVE;
				GCC_WARN_UNUSED_FUNCTION = YES;
				GCC_WARN_UNUSED_VARIABLE = YES;
				IPHONEOS_DEPLOYMENT_TARGET = 17.2;
				LOCALIZATION_PREFERS_STRING_CATALOGS = YES;
				MTL_ENABLE_DEBUG_INFO = INCLUDE_SOURCE;
				MTL_FAST_MATH = YES;
				ONLY_ACTIVE_ARCH = YES;
				SDKROOT = iphoneos;
				SWIFT_ACTIVE_COMPILATION_CONDITIONS = "DEBUG $(inherited)";
				SWIFT_OPTIMIZATION_LEVEL = "-Onone";
			};
			name = Debug;
		};
		F3F9D8392B937D1D004E5CC9 /* Release */ = {
			isa = XCBuildConfiguration;
			buildSettings = {
				ALWAYS_SEARCH_USER_PATHS = NO;
				ASSETCATALOG_COMPILER_GENERATE_SWIFT_ASSET_SYMBOL_EXTENSIONS = YES;
				CLANG_ANALYZER_NONNULL = YES;
				CLANG_ANALYZER_NUMBER_OBJECT_CONVERSION = YES_AGGRESSIVE;
				CLANG_CXX_LANGUAGE_STANDARD = "gnu++20";
				CLANG_ENABLE_MODULES = YES;
				CLANG_ENABLE_OBJC_ARC = YES;
				CLANG_ENABLE_OBJC_WEAK = YES;
				CLANG_WARN_BLOCK_CAPTURE_AUTORELEASING = YES;
				CLANG_WARN_BOOL_CONVERSION = YES;
				CLANG_WARN_COMMA = YES;
				CLANG_WARN_CONSTANT_CONVERSION = YES;
				CLANG_WARN_DEPRECATED_OBJC_IMPLEMENTATIONS = YES;
				CLANG_WARN_DIRECT_OBJC_ISA_USAGE = YES_ERROR;
				CLANG_WARN_DOCUMENTATION_COMMENTS = YES;
				CLANG_WARN_EMPTY_BODY = YES;
				CLANG_WARN_ENUM_CONVERSION = YES;
				CLANG_WARN_INFINITE_RECURSION = YES;
				CLANG_WARN_INT_CONVERSION = YES;
				CLANG_WARN_NON_LITERAL_NULL_CONVERSION = YES;
				CLANG_WARN_OBJC_IMPLICIT_RETAIN_SELF = YES;
				CLANG_WARN_OBJC_LITERAL_CONVERSION = YES;
				CLANG_WARN_OBJC_ROOT_CLASS = YES_ERROR;
				CLANG_WARN_QUOTED_INCLUDE_IN_FRAMEWORK_HEADER = YES;
				CLANG_WARN_RANGE_LOOP_ANALYSIS = YES;
				CLANG_WARN_STRICT_PROTOTYPES = YES;
				CLANG_WARN_SUSPICIOUS_MOVE = YES;
				CLANG_WARN_UNGUARDED_AVAILABILITY = YES_AGGRESSIVE;
				CLANG_WARN_UNREACHABLE_CODE = YES;
				CLANG_WARN__DUPLICATE_METHOD_MATCH = YES;
				COPY_PHASE_STRIP = NO;
				DEBUG_INFORMATION_FORMAT = "dwarf-with-dsym";
				ENABLE_NS_ASSERTIONS = NO;
				ENABLE_STRICT_OBJC_MSGSEND = YES;
				ENABLE_USER_SCRIPT_SANDBOXING = YES;
				GCC_C_LANGUAGE_STANDARD = gnu17;
				GCC_NO_COMMON_BLOCKS = YES;
				GCC_WARN_64_TO_32_BIT_CONVERSION = YES;
				GCC_WARN_ABOUT_RETURN_TYPE = YES_ERROR;
				GCC_WARN_UNDECLARED_SELECTOR = YES;
				GCC_WARN_UNINITIALIZED_AUTOS = YES_AGGRESSIVE;
				GCC_WARN_UNUSED_FUNCTION = YES;
				GCC_WARN_UNUSED_VARIABLE = YES;
				IPHONEOS_DEPLOYMENT_TARGET = 17.2;
				LOCALIZATION_PREFERS_STRING_CATALOGS = YES;
				MTL_ENABLE_DEBUG_INFO = NO;
				MTL_FAST_MATH = YES;
				SDKROOT = iphoneos;
				SWIFT_COMPILATION_MODE = wholemodule;
				VALIDATE_PRODUCT = YES;
			};
			name = Release;
		};
		F3F9D83B2B937D1D004E5CC9 /* Debug */ = {
			isa = XCBuildConfiguration;
			buildSettings = {
				ASSETCATALOG_COMPILER_APPICON_NAME = AppIcon;
				ASSETCATALOG_COMPILER_GLOBAL_ACCENT_COLOR_NAME = AccentColor;
				CODE_SIGN_STYLE = Automatic;
				CURRENT_PROJECT_VERSION = 1;
				DEVELOPMENT_ASSET_PATHS = "\"TripPlanner/Preview Content\"";
				DEVELOPMENT_TEAM = DFVB576FM8;
				ENABLE_PREVIEWS = YES;
				GENERATE_INFOPLIST_FILE = YES;
				INFOPLIST_KEY_UIApplicationSceneManifest_Generation = YES;
				INFOPLIST_KEY_UIApplicationSupportsIndirectInputEvents = YES;
				INFOPLIST_KEY_UILaunchScreen_Generation = YES;
				INFOPLIST_KEY_UISupportedInterfaceOrientations_iPad = "UIInterfaceOrientationPortrait UIInterfaceOrientationPortraitUpsideDown UIInterfaceOrientationLandscapeLeft UIInterfaceOrientationLandscapeRight";
				INFOPLIST_KEY_UISupportedInterfaceOrientations_iPhone = "UIInterfaceOrientationPortrait UIInterfaceOrientationLandscapeLeft UIInterfaceOrientationLandscapeRight";
				LD_RUNPATH_SEARCH_PATHS = (
					"$(inherited)",
					"@executable_path/Frameworks",
				);
				MARKETING_VERSION = 1.0;
				PRODUCT_BUNDLE_IDENTIFIER = ClaySuttner.TripPlanner;
				PRODUCT_NAME = "$(TARGET_NAME)";
				SWIFT_EMIT_LOC_STRINGS = YES;
				SWIFT_VERSION = 5.0;
				TARGETED_DEVICE_FAMILY = "1,2";
			};
			name = Debug;
		};
		F3F9D83C2B937D1D004E5CC9 /* Release */ = {
			isa = XCBuildConfiguration;
			buildSettings = {
				ASSETCATALOG_COMPILER_APPICON_NAME = AppIcon;
				ASSETCATALOG_COMPILER_GLOBAL_ACCENT_COLOR_NAME = AccentColor;
				CODE_SIGN_STYLE = Automatic;
				CURRENT_PROJECT_VERSION = 1;
				DEVELOPMENT_ASSET_PATHS = "\"TripPlanner/Preview Content\"";
				DEVELOPMENT_TEAM = DFVB576FM8;
				ENABLE_PREVIEWS = YES;
				GENERATE_INFOPLIST_FILE = YES;
				INFOPLIST_KEY_UIApplicationSceneManifest_Generation = YES;
				INFOPLIST_KEY_UIApplicationSupportsIndirectInputEvents = YES;
				INFOPLIST_KEY_UILaunchScreen_Generation = YES;
				INFOPLIST_KEY_UISupportedInterfaceOrientations_iPad = "UIInterfaceOrientationPortrait UIInterfaceOrientationPortraitUpsideDown UIInterfaceOrientationLandscapeLeft UIInterfaceOrientationLandscapeRight";
				INFOPLIST_KEY_UISupportedInterfaceOrientations_iPhone = "UIInterfaceOrientationPortrait UIInterfaceOrientationLandscapeLeft UIInterfaceOrientationLandscapeRight";
				LD_RUNPATH_SEARCH_PATHS = (
					"$(inherited)",
					"@executable_path/Frameworks",
				);
				MARKETING_VERSION = 1.0;
				PRODUCT_BUNDLE_IDENTIFIER = ClaySuttner.TripPlanner;
				PRODUCT_NAME = "$(TARGET_NAME)";
				SWIFT_EMIT_LOC_STRINGS = YES;
				SWIFT_VERSION = 5.0;
				TARGETED_DEVICE_FAMILY = "1,2";
			};
			name = Release;
		};
/* End XCBuildConfiguration section */

/* Begin XCConfigurationList section */
		F3F9D8272B937D1C004E5CC9 /* Build configuration list for PBXProject "TripPlanner" */ = {
			isa = XCConfigurationList;
			buildConfigurations = (
				F3F9D8382B937D1D004E5CC9 /* Debug */,
				F3F9D8392B937D1D004E5CC9 /* Release */,
			);
			defaultConfigurationIsVisible = 0;
			defaultConfigurationName = Release;
		};
		F3F9D83A2B937D1D004E5CC9 /* Build configuration list for PBXNativeTarget "TripPlanner" */ = {
			isa = XCConfigurationList;
			buildConfigurations = (
				F3F9D83B2B937D1D004E5CC9 /* Debug */,
				F3F9D83C2B937D1D004E5CC9 /* Release */,
			);
			defaultConfigurationIsVisible = 0;
			defaultConfigurationName = Release;
		};
/* End XCConfigurationList section */
	};
	rootObject = F3F9D8242B937D1C004E5CC9 /* Project object */;
}
